{
  "name": "websocket-scraper",
  "version": "1.0.0",
  "lockfileVersion": 1,
  "requires": true,
  "dependencies": {
    "async": {
      "version": "0.1.22",
      "resolved": "https://registry.npmjs.org/async/-/async-0.1.22.tgz",
      "integrity": "sha1-D8GqoIig4+8Ovi2IMbqw3PiEUGE="
    },
    "async-limiter": {
      "version": "1.0.0",
      "resolved": "https://registry.npmjs.org/async-limiter/-/async-limiter-1.0.0.tgz",
      "integrity": "sha512-jp/uFnooOiO+L211eZOoSyzpOITMXx1rBITauYykG3BRYPu8h0UcxsPNB04RR5vo4Tyz3+ay17tR6JVf9qzYWg=="
    },
    "date-events": {
      "version": "0.1.0",
      "resolved": "https://registry.npmjs.org/date-events/-/date-events-0.1.0.tgz",
      "integrity": "sha1-8hF9F+GE5oo/VtpxqK3b4ZP3zVg="
    },
    "pause-stream": {
      "version": "0.0.11",
      "resolved": "https://registry.npmjs.org/pause-stream/-/pause-stream-0.0.11.tgz",
      "integrity": "sha1-/lo0sMvOErWqaitAPuLnO2AvFEU=",
      "requires": {
        "through": "~2.3"
      }
    },
    "rotating-log": {
      "version": "0.1.1",
      "resolved": "https://registry.npmjs.org/rotating-log/-/rotating-log-0.1.1.tgz",
      "integrity": "sha1-dcU+ZKg/uQX9hHheO6vDe3yUJHI=",
      "requires": {
        "async": "~0.1.22",
        "date-events": "~0.1.0",
        "pause-stream": "~0.0.6"
      }
    },
    "through": {
      "version": "2.3.8",
      "resolved": "https://registry.npmjs.org/through/-/through-2.3.8.tgz",
      "integrity": "sha1-DdTJ/6q8NXlgsbckEV1+Doai4fU="
    },
    "ws": {
      "version": "6.1.3",
      "resolved": "https://registry.npmjs.org/ws/-/ws-6.1.3.tgz",
      "integrity": "sha512-tbSxiT+qJI223AP4iLfQbkbxkwdFcneYinM2+x46Gx2wgvbaOMO36czfdfVUBRTHvzAMRhDd98sA5d/BuWbQdg==",
      "requires": {
        "async-limiter": "~1.0.0"
      }
    }
  }
}
